PODS:
  - AnalyticsCollector (1.0)

DEPENDENCIES:
  - AnalyticsCollector (from `../`)

EXTERNAL SOURCES:
  AnalyticsCollector:
    :path: "../"

SPEC CHECKSUMS:
  AnalyticsCollector: 5ba9a43764d73db269de59443936c885b51c6762

PODFILE CHECKSUM: 3db63cd45ac3e1860728b3f261f317b92f1a7fcd

COCOAPODS: 1.10.1
