PODS:
  - AnalyticsCollector (1.0)

DEPENDENCIES:
  - AnalyticsCollector (from `../`)

EXTERNAL SOURCES:
  AnalyticsCollector:
    :path: "../"

SPEC CHECKSUMS:
  AnalyticsCollector: b9e57d7887b8b2fcb366f3a597c88e568ddb8bef

PODFILE CHECKSUM: e14291a17c58aace1d2cd9a7d813f03e0dc1c748

COCOAPODS: 1.9.1
